Microsoft Visual Studio Solution File, Format Version 12.00
# Visual Studio Version 17
VisualStudioVersion = 17.5.2.0
MinimumVisualStudioVersion = 10.0.40219.1
Project("{2150E333-8FDC-42A3-9474-1A3956D46DE8}") = "service", "service", "{226567F5-DD15-7888-5BF1-C4407778305A}"
EndProject
Project("{FAE04EC0-301F-11D3-BF4B-00C04F79EFBC}") = "JYTek.DAQ.Service", "service\JYTek.DAQ.Service\JYTek.DAQ.Service.csproj", "{7B78CF3F-CA05-23F2-4D81-4FBA197EFACF}"
EndProject
Global
	GlobalSection(SolutionConfigurationPlatforms) = preSolution
		Debug|Any CPU = Debug|Any CPU
		Release|Any CPU = Release|Any CPU
	EndGlobalSection
	GlobalSection(ProjectConfigurationPlatforms) = postSolution
		{7B78CF3F-CA05-23F2-4D81-4FBA197EFACF}.Debug|Any CPU.ActiveCfg = Debug|Any CPU
		{7B78CF3F-CA05-23F2-4D81-4FBA197EFACF}.Debug|Any CPU.Build.0 = Debug|Any CPU
		{7B78CF3F-CA05-23F2-4D81-4FBA197EFACF}.Release|Any CPU.ActiveCfg = Release|Any CPU
		{7B78CF3F-CA05-23F2-4D81-4FBA197EFACF}.Release|Any CPU.Build.0 = Release|Any CPU
	EndGlobalSection
	GlobalSection(SolutionProperties) = preSolution
		HideSolutionNode = FALSE
	EndGlobalSection
	GlobalSection(NestedProjects) = preSolution
		{7B78CF3F-CA05-23F2-4D81-4FBA197EFACF} = {226567F5-DD15-7888-5BF1-C4407778305A}
	EndGlobalSection
	GlobalSection(ExtensibilityGlobals) = postSolution
		SolutionGuid = {51CF5175-A896-4FCA-9E96-4C23AD7E7A6C}
	EndGlobalSection
EndGlobal
